
Microsoft Visual Studio Solution File, Format Version 12.00
# Visual Studio Version 17
VisualStudioVersion = 17.11.35222.181
MinimumVisualStudioVersion = 10.0.40219.1
Project("{FAE04EC0-301F-11D3-BF4B-00C04F79EFBC}") = "Practica1", "Practica1\Practica1.csproj", "{A85B3386-C236-4B79-84A4-0C9D8816E71C}"
EndProject
Project("{FAE04EC0-301F-11D3-BF4B-00C04F79EFBC}") = "GUI_Dinamica", "GUI_Dinamica\GUI_Dinamica.csproj", "{25A158BE-0F2B-40B8-8A89-F98382DD4DFB}"
EndProject
Project("{FAE04EC0-301F-11D3-BF4B-00C04F79EFBC}") = "CruzControles", "ControlesCruz\CruzControles.csproj", "{4D413D72-185C-4970-997A-536C0CC87840}"
EndProject
Project("{FAE04EC0-301F-11D3-BF4B-00C04F79EFBC}") = "PruebaControles", "PruebaControles\PruebaControles.csproj", "{F6CB1CE7-6F60-43AD-8F4A-D0DBF35D7107}"
EndProject
Project("{9A19103F-16F7-4668-BE54-9A1E7A4F7556}") = "NumeroPrimo", "NumeroPrimo\NumeroPrimo.csproj", "{3B754BAB-14BB-4365-B4E7-7256FCBF8130}"
EndProject
Project("{FAE04EC0-301F-11D3-BF4B-00C04F79EFBC}") = "PractNumerosPrimos", "PractNumerosPrimos\PractNumerosPrimos.csproj", "{F54A59BA-C613-4436-AB8A-63ECA55C7927}"
EndProject
Project("{FAE04EC0-301F-11D3-BF4B-00C04F79EFBC}") = "AccesoBaseDatos1", "AccesoBaseDatos1\AccesoBaseDatos1\AccesoBaseDatos1.csproj", "{F708ECC3-1BA4-46A0-9E76-94033F7F4016}"
EndProject
Project("{9A19103F-16F7-4668-BE54-9A1E7A4F7556}") = "layout", "layout-master\layout\layout.csproj", "{27389B14-0A47-4569-8E29-55DBFC4783E8}"
EndProject
Global
	GlobalSection(SolutionConfigurationPlatforms) = preSolution
		Debug|Any CPU = Debug|Any CPU
		Release|Any CPU = Release|Any CPU
	EndGlobalSection
	GlobalSection(ProjectConfigurationPlatforms) = postSolution
		{A85B3386-C236-4B79-84A4-0C9D8816E71C}.Debug|Any CPU.ActiveCfg = Debug|Any CPU
		{A85B3386-C236-4B79-84A4-0C9D8816E71C}.Debug|Any CPU.Build.0 = Debug|Any CPU
		{A85B3386-C236-4B79-84A4-0C9D8816E71C}.Release|Any CPU.ActiveCfg = Release|Any CPU
		{A85B3386-C236-4B79-84A4-0C9D8816E71C}.Release|Any CPU.Build.0 = Release|Any CPU
		{25A158BE-0F2B-40B8-8A89-F98382DD4DFB}.Debug|Any CPU.ActiveCfg = Debug|Any CPU
		{25A158BE-0F2B-40B8-8A89-F98382DD4DFB}.Debug|Any CPU.Build.0 = Debug|Any CPU
		{25A158BE-0F2B-40B8-8A89-F98382DD4DFB}.Release|Any CPU.ActiveCfg = Release|Any CPU
		{25A158BE-0F2B-40B8-8A89-F98382DD4DFB}.Release|Any CPU.Build.0 = Release|Any CPU
		{4D413D72-185C-4970-997A-536C0CC87840}.Debug|Any CPU.ActiveCfg = Debug|Any CPU
		{4D413D72-185C-4970-997A-536C0CC87840}.Debug|Any CPU.Build.0 = Debug|Any CPU
		{4D413D72-185C-4970-997A-536C0CC87840}.Release|Any CPU.ActiveCfg = Release|Any CPU
		{4D413D72-185C-4970-997A-536C0CC87840}.Release|Any CPU.Build.0 = Release|Any CPU
		{F6CB1CE7-6F60-43AD-8F4A-D0DBF35D7107}.Debug|Any CPU.ActiveCfg = Debug|Any CPU
		{F6CB1CE7-6F60-43AD-8F4A-D0DBF35D7107}.Debug|Any CPU.Build.0 = Debug|Any CPU
		{F6CB1CE7-6F60-43AD-8F4A-D0DBF35D7107}.Release|Any CPU.ActiveCfg = Release|Any CPU
		{F6CB1CE7-6F60-43AD-8F4A-D0DBF35D7107}.Release|Any CPU.Build.0 = Release|Any CPU
		{3B754BAB-14BB-4365-B4E7-7256FCBF8130}.Debug|Any CPU.ActiveCfg = Debug|Any CPU
		{3B754BAB-14BB-4365-B4E7-7256FCBF8130}.Debug|Any CPU.Build.0 = Debug|Any CPU
		{3B754BAB-14BB-4365-B4E7-7256FCBF8130}.Release|Any CPU.ActiveCfg = Release|Any CPU
		{3B754BAB-14BB-4365-B4E7-7256FCBF8130}.Release|Any CPU.Build.0 = Release|Any CPU
		{F54A59BA-C613-4436-AB8A-63ECA55C7927}.Debug|Any CPU.ActiveCfg = Debug|Any CPU
		{F54A59BA-C613-4436-AB8A-63ECA55C7927}.Debug|Any CPU.Build.0 = Debug|Any CPU
		{F54A59BA-C613-4436-AB8A-63ECA55C7927}.Release|Any CPU.ActiveCfg = Release|Any CPU
		{F54A59BA-C613-4436-AB8A-63ECA55C7927}.Release|Any CPU.Build.0 = Release|Any CPU
		{F708ECC3-1BA4-46A0-9E76-94033F7F4016}.Debug|Any CPU.ActiveCfg = Debug|Any CPU
		{F708ECC3-1BA4-46A0-9E76-94033F7F4016}.Debug|Any CPU.Build.0 = Debug|Any CPU
		{F708ECC3-1BA4-46A0-9E76-94033F7F4016}.Release|Any CPU.ActiveCfg = Release|Any CPU
		{F708ECC3-1BA4-46A0-9E76-94033F7F4016}.Release|Any CPU.Build.0 = Release|Any CPU
		{27389B14-0A47-4569-8E29-55DBFC4783E8}.Debug|Any CPU.ActiveCfg = Debug|Any CPU
		{27389B14-0A47-4569-8E29-55DBFC4783E8}.Debug|Any CPU.Build.0 = Debug|Any CPU
		{27389B14-0A47-4569-8E29-55DBFC4783E8}.Debug|Any CPU.Deploy.0 = Debug|Any CPU
		{27389B14-0A47-4569-8E29-55DBFC4783E8}.Release|Any CPU.ActiveCfg = Release|Any CPU
		{27389B14-0A47-4569-8E29-55DBFC4783E8}.Release|Any CPU.Build.0 = Release|Any CPU
		{27389B14-0A47-4569-8E29-55DBFC4783E8}.Release|Any CPU.Deploy.0 = Release|Any CPU
	EndGlobalSection
	GlobalSection(SolutionProperties) = preSolution
		HideSolutionNode = FALSE
	EndGlobalSection
	GlobalSection(ExtensibilityGlobals) = postSolution
		SolutionGuid = {B4FBD893-6EB1-49BD-9E4A-5A314911DD1D}
	EndGlobalSection
EndGlobal
