
Microsoft Visual Studio Solution File, Format Version 12.00
# Visual Studio Version 17
VisualStudioVersion = 17.11.35222.181
MinimumVisualStudioVersion = 10.0.40219.1
Project("{FAE04EC0-301F-11D3-BF4B-00C04F79EFBC}") = "AccesoBaseDatos1", "AccesoBaseDatos1\AccesoBaseDatos1.csproj", "{F708ECC3-1BA4-46A0-9E76-94033F7F4016}"
EndProject
Global
	GlobalSection(SolutionConfigurationPlatforms) = preSolution
		Debug|Any CPU = Debug|Any CPU
		Release|Any CPU = Release|Any CPU
	EndGlobalSection
	GlobalSection(ProjectConfigurationPlatforms) = postSolution
		{F708ECC3-1BA4-46A0-9E76-94033F7F4016}.Debug|Any CPU.ActiveCfg = Debug|Any CPU
		{F708ECC3-1BA4-46A0-9E76-94033F7F4016}.Debug|Any CPU.Build.0 = Debug|Any CPU
		{F708ECC3-1BA4-46A0-9E76-94033F7F4016}.Release|Any CPU.ActiveCfg = Release|Any CPU
		{F708ECC3-1BA4-46A0-9E76-94033F7F4016}.Release|Any CPU.Build.0 = Release|Any CPU
	EndGlobalSection
	GlobalSection(SolutionProperties) = preSolution
		HideSolutionNode = FALSE
	EndGlobalSection
	GlobalSection(ExtensibilityGlobals) = postSolution
		SolutionGuid = {4141F4AD-7C5C-4E5C-ACD6-5D31B9205A1F}
	EndGlobalSection
EndGlobal
